
Microsoft Visual Studio Solution File, Format Version 12.00
# Visual Studio Version 17
VisualStudioVersion = 17.7.34202.233
MinimumVisualStudioVersion = 10.0.40219.1
Project("{FAE04EC0-301F-11D3-BF4B-00C04F79EFBC}") = "OracleManager", "OracleManager.csproj", "{663DCADF-E20B-45D2-A569-318D08B93619}"
EndProject
Global
	GlobalSection(SolutionConfigurationPlatforms) = preSolution
		Debug|Any CPU = Debug|Any CPU
		Release|Any CPU = Release|Any CPU
	EndGlobalSection
	GlobalSection(ProjectConfigurationPlatforms) = postSolution
		{663DCADF-E20B-45D2-A569-318D08B93619}.Debug|Any CPU.ActiveCfg = Debug|Any CPU
		{663DCADF-E20B-45D2-A569-318D08B93619}.Debug|Any CPU.Build.0 = Debug|Any CPU
		{663DCADF-E20B-45D2-A569-318D08B93619}.Release|Any CPU.ActiveCfg = Release|Any CPU
		{663DCADF-E20B-45D2-A569-318D08B93619}.Release|Any CPU.Build.0 = Release|Any CPU
	EndGlobalSection
	GlobalSection(SolutionProperties) = preSolution
		HideSolutionNode = FALSE
	EndGlobalSection
	GlobalSection(ExtensibilityGlobals) = postSolution
		SolutionGuid = {12B8F7AD-78FE-49E5-81E1-3AF2E5DB1AEC}
	EndGlobalSection
EndGlobal
